<?xml version="1.0" encoding="utf-8"?>
<Project ToolsVersion="4.0" xmlns="http://schemas.microsoft.com/developer/msbuild/2003">
  <ItemGroup>
    <Filter Include="Source Files">
      <UniqueIdentifier>{4FC737F1-C7A5-4376-A066-2A32D752A2FF}</UniqueIdentifier>
      <Extensions>cpp;c;cc;cxx;def;odl;idl;hpj;bat;asm;asmx</Extensions>
    </Filter>
    <Filter Include="Header Files">
      <UniqueIdentifier>{93995380-89BD-4b04-88EB-625FBE52EBFB}</UniqueIdentifier>
      <Extensions>h;hh;hpp;hxx;hm;inl;inc;xsd</Extensions>
    </Filter>
    <Filter Include="Resource Files">
      <UniqueIdentifier>{67DA6AB6-F800-4c08-8B7A-83BB121AAD01}</UniqueIdentifier>
      <Extensions>rc;ico;cur;bmp;dlg;rc2;rct;bin;rgs;gif;jpg;jpeg;jpe;resx;tiff;tif;png;wav;mfcribbon-ms</Extensions>
    </Filter>
    <Filter Include="Glaux">
      <UniqueIdentifier>{32873ca8-cb14-4ec5-b993-2057db41c7c5}</UniqueIdentifier>
    </Filter>
  </ItemGroup>
  <ItemGroup>
    <ClInclude Include="stdafx.h">
      <Filter>Header Files</Filter>
    </ClInclude>
    <ClInclude Include="targetver.h">
      <Filter>Header Files</Filter>
    </ClInclude>
    <ClInclude Include="Resource.h">
      <Filter>Header Files</Filter>
    </ClInclude>
    <ClInclude Include="LoftyCAD.h">
      <Filter>Header Files</Filter>
    </ClInclude>
    <ClInclude Include="glaux\3D.H">
      <Filter>Glaux</Filter>
    </ClInclude>
    <ClInclude Include="glaux\glaux.h">
      <Filter>Glaux</Filter>
    </ClInclude>
    <ClInclude Include="glaux\GLOS.H">
      <Filter>Glaux</Filter>
    </ClInclude>
    <ClInclude Include="glaux\TK.H">
      <Filter>Glaux</Filter>
    </ClInclude>
    <ClInclude Include="Objtree.h">
      <Filter>Header Files</Filter>
    </ClInclude>
    <ClInclude Include="geometry.h">
      <Filter>Header Files</Filter>
    </ClInclude>
    <ClInclude Include="draw3d.h">
      <Filter>Header Files</Filter>
    </ClInclude>
    <ClInclude Include="Trackbal.h">
      <Filter>Header Files</Filter>
    </ClInclude>
    <ClInclude Include="dimensions.h">
      <Filter>Header Files</Filter>
    </ClInclude>
    <ClInclude Include="registry.h">
      <Filter>Header Files</Filter>
    </ClInclude>
    <ClInclude Include="triangulate.h">
      <Filter>Header Files</Filter>
    </ClInclude>
    <ClInclude Include="htmlbrowser.h">
      <Filter>Header Files</Filter>
    </ClInclude>
    <ClInclude Include="mesh.h">
      <Filter>Header Files</Filter>
    </ClInclude>
    <ClInclude Include="slicer.h">
      <Filter>Header Files</Filter>
    </ClInclude>
  </ItemGroup>
  <ItemGroup>
    <ClCompile Include="stdafx.cpp">
      <Filter>Source Files</Filter>
    </ClCompile>
    <ClCompile Include="glaux\FONT.C">
      <Filter>Glaux</Filter>
    </ClCompile>
    <ClCompile Include="glaux\GLAUX.C">
      <Filter>Glaux</Filter>
    </ClCompile>
    <ClCompile Include="glaux\IMAGE.C">
      <Filter>Glaux</Filter>
    </ClCompile>
    <ClCompile Include="glaux\TK.C">
      <Filter>Glaux</Filter>
    </ClCompile>
    <ClCompile Include="glaux\TKDIB.C">
      <Filter>Glaux</Filter>
    </ClCompile>
    <ClCompile Include="glaux\TKFONT.C">
      <Filter>Glaux</Filter>
    </ClCompile>
    <ClCompile Include="glaux\TKIMAGE.C">
      <Filter>Glaux</Filter>
    </ClCompile>
    <ClCompile Include="glaux\VECT3D.C">
      <Filter>Glaux</Filter>
    </ClCompile>
    <ClCompile Include="glaux\XFORM.C">
      <Filter>Glaux</Filter>
    </ClCompile>
    <ClCompile Include="LoftyCAD.c">
      <Filter>Source Files</Filter>
    </ClCompile>
    <ClCompile Include="Trackbal.c">
      <Filter>Source Files</Filter>
    </ClCompile>
    <ClCompile Include="objtree.c">
      <Filter>Source Files</Filter>
    </ClCompile>
    <ClCompile Include="geometry.c">
      <Filter>Source Files</Filter>
    </ClCompile>
    <ClCompile Include="draw3d.c">
      <Filter>Source Files</Filter>
    </ClCompile>
    <ClCompile Include="registry.c">
      <Filter>Source Files</Filter>
    </ClCompile>
    <ClCompile Include="dimensions.c">
      <Filter>Source Files</Filter>
    </ClCompile>
    <ClCompile Include="serialise.c">
      <Filter>Source Files</Filter>
    </ClCompile>
    <ClCompile Include="triangulate.c">
      <Filter>Source Files</Filter>
    </ClCompile>
    <ClCompile Include="neighbourhood.c">
      <Filter>Source Files</Filter>
    </ClCompile>
    <ClCompile Include="treeview.c">
      <Filter>Source Files</Filter>
    </ClCompile>
    <ClCompile Include="contextmenu.c">
      <Filter>Source Files</Filter>
    </ClCompile>
    <ClCompile Include="toolbars.c">
      <Filter>Source Files</Filter>
    </ClCompile>
    <ClCompile Include="command.c">
      <Filter>Source Files</Filter>
    </ClCompile>
    <ClCompile Include="help.c">
      <Filter>Source Files</Filter>
    </ClCompile>
    <ClCompile Include="htmlbrowser.c">
      <Filter>Source Files</Filter>
    </ClCompile>
    <ClCompile Include="export.c">
      <Filter>Source Files</Filter>
    </ClCompile>
    <ClCompile Include="clipviewlist.c">
      <Filter>Source Files</Filter>
    </ClCompile>
    <ClCompile Include="import.c">
      <Filter>Source Files</Filter>
    </ClCompile>
    <ClCompile Include="mesh.cpp">
      <Filter>Source Files</Filter>
    </ClCompile>
    <ClCompile Include="list.c">
      <Filter>Source Files</Filter>
    </ClCompile>
    <ClCompile Include="text.c">
      <Filter>Source Files</Filter>
    </ClCompile>
    <ClCompile Include="mover.c">
      <Filter>Source Files</Filter>
    </ClCompile>
    <ClCompile Include="maker.c">
      <Filter>Source Files</Filter>
    </ClCompile>
    <ClCompile Include="progress.c">
      <Filter>Source Files</Filter>
    </ClCompile>
    <ClCompile Include="gcode.c">
      <Filter>Source Files</Filter>
    </ClCompile>
    <ClCompile Include="slicer.c">
      <Filter>Source Files</Filter>
    </ClCompile>
    <ClCompile Include="preferences.c">
      <Filter>Source Files</Filter>
    </ClCompile>
    <ClCompile Include="printer.c">
      <Filter>Source Files</Filter>
    </ClCompile>
    <ClCompile Include="path.c">
      <Filter>Source Files</Filter>
    </ClCompile>
  </ItemGroup>
  <ItemGroup>
    <ResourceCompile Include="LoftyCAD.rc">
      <Filter>Resource Files</Filter>
    </ResourceCompile>
  </ItemGroup>
  <ItemGroup>
    <Image Include="LoftyCAD.ico">
      <Filter>Resource Files</Filter>
    </Image>
    <Image Include="icon1.ico">
      <Filter>Resource Files</Filter>
    </Image>
    <Image Include="icon-rect.ico">
      <Filter>Resource Files</Filter>
    </Image>
    <Image Include="icon-edge.ico">
      <Filter>Resource Files</Filter>
    </Image>
    <Image Include="icon-circle.ico">
      <Filter>Resource Files</Filter>
    </Image>
    <Image Include="icon-const-rect.ico">
      <Filter>Resource Files</Filter>
    </Image>
    <Image Include="icon-const-edge.ico">
      <Filter>Resource Files</Filter>
    </Image>
    <Image Include="icon-const-circle.ico">
      <Filter>Resource Files</Filter>
    </Image>
    <Image Include="icon-point.ico">
      <Filter>Resource Files</Filter>
    </Image>
    <Image Include="icon-xy.ico">
      <Filter>Resource Files</Filter>
    </Image>
    <Image Include="icon-extrude.ico">
      <Filter>Resource Files</Filter>
    </Image>
    <Image Include="icon-arc.ico">
      <Filter>Resource Files</Filter>
    </Image>
    <Image Include="icon-bezier.ico">
      <Filter>Resource Files</Filter>
    </Image>
    <Image Include="icon2.ico">
      <Filter>Resource Files</Filter>
    </Image>
    <Image Include="cube-right32.ico">
      <Filter>Resource Files</Filter>
    </Image>
    <Image Include="cube-back32.ico">
      <Filter>Resource Files</Filter>
    </Image>
    <Image Include="cube-bottom32.ico">
      <Filter>Resource Files</Filter>
    </Image>
    <Image Include="cube-front32.ico">
      <Filter>Resource Files</Filter>
    </Image>
    <Image Include="cube-left32.ico">
      <Filter>Resource Files</Filter>
    </Image>
    <Image Include="cube-rendered32.ico">
      <Filter>Resource Files</Filter>
    </Image>
    <Image Include="cube-top32.ico">
      <Filter>Resource Files</Filter>
    </Image>
    <Image Include="icon3.ico">
      <Filter>Resource Files</Filter>
    </Image>
    <Image Include="icon-scale.ico">
      <Filter>Resource Files</Filter>
    </Image>
    <Image Include="icon-rotate.ico">
      <Filter>Resource Files</Filter>
    </Image>
    <Image Include="rotate1.ico">
      <Filter>Resource Files</Filter>
    </Image>
    <Image Include="icon-text.ico">
      <Filter>Resource Files</Filter>
    </Image>
    <Image Include="icon-extrudelocal.ico">
      <Filter>Resource Files</Filter>
    </Image>
    <Image Include="icon-hex.ico">
      <Filter>Resource Files</Filter>
    </Image>
    <Image Include="icon-const-hex.ico">
      <Filter>Resource Files</Filter>
    </Image>
    <Image Include="icon-bez-rect.ico">
      <Filter>Resource Files</Filter>
    </Image>
    <Image Include="icon-bez-circle.ico">
      <Filter>Resource Files</Filter>
    </Image>
  </ItemGroup>
  <ItemGroup>
    <None Include="cursor1.cur">
      <Filter>Resource Files</Filter>
    </None>
    <None Include="edge1.cur">
      <Filter>Resource Files</Filter>
    </None>
    <None Include="edge2.cur">
      <Filter>Resource Files</Filter>
    </None>
    <None Include="edge3.cur">
      <Filter>Resource Files</Filter>
    </None>
    <None Include="face1.cur">
      <Filter>Resource Files</Filter>
    </None>
    <None Include="face2.cur">
      <Filter>Resource Files</Filter>
    </None>
    <None Include="cur00001.cur">
      <Filter>Resource Files</Filter>
    </None>
    <None Include="face3.cur">
      <Filter>Resource Files</Filter>
    </None>
    <None Include="resize1.cur">
      <Filter>Resource Files</Filter>
    </None>
    <None Include="resize2.cur">
      <Filter>Resource Files</Filter>
    </None>
    <None Include="face4.cur">
      <Filter>Resource Files</Filter>
    </None>
    <None Include="face5.cur">
      <Filter>Resource Files</Filter>
    </None>
    <None Include="face6.cur">
      <Filter>Resource Files</Filter>
    </None>
  </ItemGroup>
</Project>